# This file is generated by running "yarn install" inside your project.
# Manual changes might be lost - proceed with caution!

__metadata:
  version: 7
  cacheKey: 10

"@cspotcode/source-map-support@npm:^0.8.0":
  version: 0.8.1
  resolution: "@cspotcode/source-map-support@npm:0.8.1"
  dependencies:
    "@jridgewell/trace-mapping": "npm:0.3.9"
  checksum: b6e38a1712fab242c86a241c229cf562195aad985d0564bd352ac404be583029e89e93028ffd2c251d2c407ecac5fb0cbdca94a2d5c10f29ac806ede0508b3ff
  languageName: node
  linkType: hard

"@jridgewell/resolve-uri@npm:^3.0.3":
  version: 3.1.0
  resolution: "@jridgewell/resolve-uri@npm:3.1.0"
  checksum: 320ceb37af56953757b28e5b90c34556157676d41e3d0a3ff88769274d62373582bb0f0276a4f2d29c3f4fdd55b82b8be5731f52d391ad2ecae9b321ee1c742d
  languageName: node
  linkType: hard

"@jridgewell/sourcemap-codec@npm:^1.4.10":
  version: 1.4.14
  resolution: "@jridgewell/sourcemap-codec@npm:1.4.14"
  checksum: 26e768fae6045481a983e48aa23d8fcd23af5da70ebd74b0649000e815e7fbb01ea2bc088c9176b3fffeb9bec02184e58f46125ef3320b30eaa1f4094cfefa38
  languageName: node
  linkType: hard

"@jridgewell/trace-mapping@npm:0.3.9":
  version: 0.3.9
  resolution: "@jridgewell/trace-mapping@npm:0.3.9"
  dependencies:
    "@jridgewell/resolve-uri": "npm:^3.0.3"
    "@jridgewell/sourcemap-codec": "npm:^1.4.10"
  checksum: 83deafb8e7a5ca98993c2c6eeaa93c270f6f647a4c0dc00deb38c9cf9b2d3b7bf15e8839540155247ef034a052c0ec4466f980bf0c9e2ab63b97d16c0cedd3ff
  languageName: node
  linkType: hard

"@tsconfig/node10@npm:^1.0.7":
  version: 1.0.9
  resolution: "@tsconfig/node10@npm:1.0.9"
  checksum: a33ae4dc2a621c0678ac8ac4bceb8e512ae75dac65417a2ad9b022d9b5411e863c4c198b6ba9ef659e14b9fb609bbec680841a2e84c1172df7a5ffcf076539df
  languageName: node
  linkType: hard

"@tsconfig/node12@npm:^1.0.7":
  version: 1.0.11
  resolution: "@tsconfig/node12@npm:1.0.11"
  checksum: 5ce29a41b13e7897a58b8e2df11269c5395999e588b9a467386f99d1d26f6c77d1af2719e407621412520ea30517d718d5192a32403b8dfcc163bf33e40a338a
  languageName: node
  linkType: hard

"@tsconfig/node14@npm:^1.0.0":
  version: 1.0.3
  resolution: "@tsconfig/node14@npm:1.0.3"
  checksum: 19275fe80c4c8d0ad0abed6a96dbf00642e88b220b090418609c4376e1cef81bf16237bf170ad1b341452feddb8115d8dd2e5acdfdea1b27422071163dc9ba9d
  languageName: node
  linkType: hard

"@tsconfig/node16@npm:^1.0.2":
  version: 1.0.3
  resolution: "@tsconfig/node16@npm:1.0.3"
  checksum: 3a8b657dd047495b7ad23437d6afd20297ce90380ff0bdee93fc7d39a900dbd8d9e26e53ff6b465e7967ce2adf0b218782590ce9013285121e6a5928fbd6819f
  languageName: node
  linkType: hard

"@types/body-parser@npm:*":
  version: 1.19.2
  resolution: "@types/body-parser@npm:1.19.2"
  dependencies:
    "@types/connect": "npm:*"
    "@types/node": "npm:*"
  checksum: e17840c7d747a549f00aebe72c89313d09fbc4b632b949b2470c5cb3b1cb73863901ae84d9335b567a79ec5efcfb8a28ff8e3f36bc8748a9686756b6d5681f40
  languageName: node
  linkType: hard

"@types/connect@npm:*":
  version: 3.4.35
  resolution: "@types/connect@npm:3.4.35"
  dependencies:
    "@types/node": "npm:*"
  checksum: fe81351470f2d3165e8b12ce33542eef89ea893e36dd62e8f7d72566dfb7e448376ae962f9f3ea888547ce8b55a40020ca0e01d637fab5d99567673084542641
  languageName: node
  linkType: hard

"@types/debug@npm:^4.1.7":
  version: 4.1.7
  resolution: "@types/debug@npm:4.1.7"
  dependencies:
    "@types/ms": "npm:*"
  checksum: 0a7b89d8ed72526858f0b61c6fd81f477853e8c4415bb97f48b1b5545248d2ae389931680b94b393b993a7cfe893537a200647d93defe6d87159b96812305adc
  languageName: node
  linkType: hard

"@types/express-serve-static-core@npm:^4.17.33":
  version: 4.17.33
  resolution: "@types/express-serve-static-core@npm:4.17.33"
  dependencies:
    "@types/node": "npm:*"
    "@types/qs": "npm:*"
    "@types/range-parser": "npm:*"
  checksum: 47ee1b46be710ae6451a2e658e2eab75f4affe874b0d156a31e792db0ddb35184ac7b35be926eb23424cc45f6e0d3dbacc86ac5d63a3c988d8235aedb1143841
  languageName: node
  linkType: hard

"@types/express@npm:^4.17.17":
  version: 4.17.17
  resolution: "@types/express@npm:4.17.17"
  dependencies:
    "@types/body-parser": "npm:*"
    "@types/express-serve-static-core": "npm:^4.17.33"
    "@types/qs": "npm:*"
    "@types/serve-static": "npm:*"
  checksum: e2959a5fecdc53f8a524891a16e66dfc330ee0519e89c2579893179db686e10cfa6079a68e0fb8fd00eedbcaf3eabfd10916461939f3bc02ef671d848532c37e
  languageName: node
  linkType: hard

"@types/mime@npm:*":
  version: 3.0.1
  resolution: "@types/mime@npm:3.0.1"
  checksum: 4040fac73fd0cea2460e29b348c1a6173da747f3a87da0dbce80dd7a9355a3d0e51d6d9a401654f3e5550620e3718b5a899b2ec1debf18424e298a2c605346e7
  languageName: node
  linkType: hard

"@types/ms@npm:*":
  version: 0.7.31
  resolution: "@types/ms@npm:0.7.31"
  checksum: 6647b295fb2a5b8347c35efabaaed1777221f094be9941d387b4bf11df0eeacb3f8a4e495b8b66ce0e4c00593bc53ab5fc25f01ebb274cd989a834ae578099de
  languageName: node
  linkType: hard

"@types/node@npm:*, @types/node@npm:^18.15.3":
  version: 18.15.5
  resolution: "@types/node@npm:18.15.5"
  checksum: 7c77ddbe2ca6fccba400c286a81e72630bdac720d06c5ee6b6e3551a9adbbd8e8bf6cc4293f645e7666067f01b9139632a385be9cc0adf91aa3eba07a93dda83
  languageName: node
  linkType: hard

"@types/qs@npm:*":
  version: 6.9.7
  resolution: "@types/qs@npm:6.9.7"
  checksum: 7fd6f9c25053e9b5bb6bc9f9f76c1d89e6c04f7707a7ba0e44cc01f17ef5284adb82f230f542c2d5557d69407c9a40f0f3515e8319afd14e1e16b5543ac6cdba
  languageName: node
  linkType: hard

"@types/range-parser@npm:*":
  version: 1.2.4
  resolution: "@types/range-parser@npm:1.2.4"
  checksum: b7c0dfd5080a989d6c8bb0b6750fc0933d9acabeb476da6fe71d8bdf1ab65e37c136169d84148034802f48378ab94e3c37bb4ef7656b2bec2cb9c0f8d4146a95
  languageName: node
  linkType: hard

"@types/serve-static@npm:*":
  version: 1.15.1
  resolution: "@types/serve-static@npm:1.15.1"
  dependencies:
    "@types/mime": "npm:*"
    "@types/node": "npm:*"
  checksum: e556d611a4240d338afe90c080f9987bbeecee97f8fd3a8aabac07fa6bc3652a3c3f06214fb25f709547c4dcee9f0a723f24c799758484c6db7f46c0235d5b4f
  languageName: node
  linkType: hard

"@types/validator@npm:^13.7.1":
  version: 13.7.14
  resolution: "@types/validator@npm:13.7.14"
  checksum: 6f74b652a09242b8477c02fcd9138288aa35b36d8dd587641edfc5b55080036fd7de97fb3965ee361342190716229c0d4aac31285063b0c24f5241c60c955d66
  languageName: node
  linkType: hard

"accepts@npm:~1.3.8":
  version: 1.3.8
  resolution: "accepts@npm:1.3.8"
  dependencies:
    mime-types: "npm:~2.1.34"
    negotiator: "npm:0.6.3"
  checksum: 67eaaa90e2917c58418e7a9b89392002d2b1ccd69bcca4799135d0c632f3b082f23f4ae4ddeedbced5aa59bcc7bdf4699c69ebed4593696c922462b7bc5744d6
  languageName: node
  linkType: hard

"acorn-walk@npm:^8.1.1":
  version: 8.2.0
  resolution: "acorn-walk@npm:8.2.0"
  checksum: e69f7234f2adfeb16db3671429a7c80894105bd7534cb2032acf01bb26e6a847952d11a062d071420b43f8d82e33d2e57f26fe87d9cce0853e8143d8910ff1de
  languageName: node
  linkType: hard

"acorn@npm:^8.4.1":
  version: 8.8.2
  resolution: "acorn@npm:8.8.2"
  bin:
    acorn: bin/acorn
  checksum: b4e77d56d24d3e11a45d9ac8ae661b4e14a4af04ae33edbf1e6bf910887e5bb352cc60e9ea06a0944880e6b658f58c095d3b54e88e1921cb9319608b51085dd7
  languageName: node
  linkType: hard

"api-com-typescript@workspace:.":
  version: 0.0.0-use.local
  resolution: "api-com-typescript@workspace:."
  dependencies:
    "@types/express": "npm:^4.17.17"
    "@types/node": "npm:^18.15.3"
    dotenv: "npm:^16.0.3"
    express: "npm:^4.18.2"
    jsonwebtoken: "npm:^9.0.0"
    mysql2: "npm:^3.2.0"
    pg: "npm:^8.10.0"
    pg-hstore: "npm:^2.3.4"
    sequelize: "npm:^6.29.3"
    ts-node: "npm:^10.9.1"
    typescript: "npm:^5.0.2"
  languageName: unknown
  linkType: soft

"arg@npm:^4.1.0":
  version: 4.1.3
  resolution: "arg@npm:4.1.3"
  checksum: 969b491082f20cad166649fa4d2073ea9e974a4e5ac36247ca23d2e5a8b3cb12d60e9ff70a8acfe26d76566c71fd351ee5e6a9a6595157eb36f92b1fd64e1599
  languageName: node
  linkType: hard

"array-flatten@npm:1.1.1":
  version: 1.1.1
  resolution: "array-flatten@npm:1.1.1"
  checksum: e13c9d247241be82f8b4ec71d035ed7204baa82fae820d4db6948d30d3c4a9f2b3905eb2eec2b937d4aa3565200bd3a1c500480114cff649fa748747d2a50feb
  languageName: node
  linkType: hard

"body-parser@npm:1.20.1":
  version: 1.20.1
  resolution: "body-parser@npm:1.20.1"
  dependencies:
    bytes: "npm:3.1.2"
    content-type: "npm:~1.0.4"
    debug: "npm:2.6.9"
    depd: "npm:2.0.0"
    destroy: "npm:1.2.0"
    http-errors: "npm:2.0.0"
    iconv-lite: "npm:0.4.24"
    on-finished: "npm:2.4.1"
    qs: "npm:6.11.0"
    raw-body: "npm:2.5.1"
    type-is: "npm:~1.6.18"
    unpipe: "npm:1.0.0"
  checksum: 5f8d128022a2fb8b6e7990d30878a0182f300b70e46b3f9d358a9433ad6275f0de46add6d63206da3637c01c3b38b6111a7480f7e7ac2e9f7b989f6133fe5510
  languageName: node
  linkType: hard

"buffer-equal-constant-time@npm:1.0.1":
  version: 1.0.1
  resolution: "buffer-equal-constant-time@npm:1.0.1"
  checksum: 80bb945f5d782a56f374b292770901065bad21420e34936ecbe949e57724b4a13874f735850dd1cc61f078773c4fb5493a41391e7bda40d1fa388d6bd80daaab
  languageName: node
  linkType: hard

"buffer-writer@npm:2.0.0":
  version: 2.0.0
  resolution: "buffer-writer@npm:2.0.0"
  checksum: fdca8e28c55704de7af2f41c8f875293de69ad22005d5041d54aa916d125cead00afa969bc09e4702ae6b66e098409958c06bebfc97fcf8fa4ea5afcae088cd9
  languageName: node
  linkType: hard

"bytes@npm:3.1.2":
  version: 3.1.2
  resolution: "bytes@npm:3.1.2"
  checksum: a10abf2ba70c784471d6b4f58778c0beeb2b5d405148e66affa91f23a9f13d07603d0a0354667310ae1d6dc141474ffd44e2a074be0f6e2254edb8fc21445388
  languageName: node
  linkType: hard

"call-bind@npm:^1.0.0":
  version: 1.0.2
  resolution: "call-bind@npm:1.0.2"
  dependencies:
    function-bind: "npm:^1.1.1"
    get-intrinsic: "npm:^1.0.2"
  checksum: ca787179c1cbe09e1697b56ad499fd05dc0ae6febe5081d728176ade699ea6b1589240cb1ff1fe11fcf9f61538c1af60ad37e8eb2ceb4ef21cd6085dfd3ccedd
  languageName: node
  linkType: hard

"content-disposition@npm:0.5.4":
  version: 0.5.4
  resolution: "content-disposition@npm:0.5.4"
  dependencies:
    safe-buffer: "npm:5.2.1"
  checksum: b7f4ce176e324f19324be69b05bf6f6e411160ac94bc523b782248129eb1ef3be006f6cff431aaea5e337fe5d176ce8830b8c2a1b721626ead8933f0cbe78720
  languageName: node
  linkType: hard

"content-type@npm:~1.0.4":
  version: 1.0.5
  resolution: "content-type@npm:1.0.5"
  checksum: 585847d98dc7fb8035c02ae2cb76c7a9bd7b25f84c447e5ed55c45c2175e83617c8813871b4ee22f368126af6b2b167df655829007b21aa10302873ea9c62662
  languageName: node
  linkType: hard

"cookie-signature@npm:1.0.6":
  version: 1.0.6
  resolution: "cookie-signature@npm:1.0.6"
  checksum: f4e1b0a98a27a0e6e66fd7ea4e4e9d8e038f624058371bf4499cfcd8f3980be9a121486995202ba3fca74fbed93a407d6d54d43a43f96fd28d0bd7a06761591a
  languageName: node
  linkType: hard

"cookie@npm:0.5.0":
  version: 0.5.0
  resolution: "cookie@npm:0.5.0"
  checksum: aae7911ddc5f444a9025fbd979ad1b5d60191011339bce48e555cb83343d0f98b865ff5c4d71fecdfb8555a5cafdc65632f6fce172f32aaf6936830a883a0380
  languageName: node
  linkType: hard

"create-require@npm:^1.1.0":
  version: 1.1.1
  resolution: "create-require@npm:1.1.1"
  checksum: a9a1503d4390d8b59ad86f4607de7870b39cad43d929813599a23714831e81c520bddf61bcdd1f8e30f05fd3a2b71ae8538e946eb2786dc65c2bbc520f692eff
  languageName: node
  linkType: hard

"debug@npm:2.6.9":
  version: 2.6.9
  resolution: "debug@npm:2.6.9"
  dependencies:
    ms: "npm:2.0.0"
  checksum: e07005f2b40e04f1bd14a3dd20520e9c4f25f60224cb006ce9d6781732c917964e9ec029fc7f1a151083cd929025ad5133814d4dc624a9aaf020effe4914ed14
  languageName: node
  linkType: hard

"debug@npm:^4.3.3":
  version: 4.3.4
  resolution: "debug@npm:4.3.4"
  dependencies:
    ms: "npm:2.1.2"
  peerDependenciesMeta:
    supports-color:
      optional: true
  checksum: 0073c3bcbd9cb7d71dd5f6b55be8701af42df3e56e911186dfa46fac3a5b9eb7ce7f377dd1d3be6db8977221f8eb333d945216f645cf56f6b688cd484837d255
  languageName: node
  linkType: hard

"denque@npm:^2.1.0":
  version: 2.1.0
  resolution: "denque@npm:2.1.0"
  checksum: 8ea05321576624b90acfc1ee9208b8d1d04b425cf7573b9b4fa40a2c3ed4d4b0af5190567858f532f677ed2003d4d2b73c8130b34e3c7b8d5e88cdcfbfaa1fe7
  languageName: node
  linkType: hard

"depd@npm:2.0.0":
  version: 2.0.0
  resolution: "depd@npm:2.0.0"
  checksum: c0c8ff36079ce5ada64f46cc9d6fd47ebcf38241105b6e0c98f412e8ad91f084bcf906ff644cc3a4bd876ca27a62accb8b0fff72ea6ed1a414b89d8506f4a5ca
  languageName: node
  linkType: hard

"destroy@npm:1.2.0":
  version: 1.2.0
  resolution: "destroy@npm:1.2.0"
  checksum: 0acb300b7478a08b92d810ab229d5afe0d2f4399272045ab22affa0d99dbaf12637659411530a6fcd597a9bdac718fc94373a61a95b4651bbc7b83684a565e38
  languageName: node
  linkType: hard

"diff@npm:^4.0.1":
  version: 4.0.2
  resolution: "diff@npm:4.0.2"
  checksum: ec09ec2101934ca5966355a229d77afcad5911c92e2a77413efda5455636c4cf2ce84057e2d7715227a2eeeda04255b849bd3ae3a4dd22eb22e86e76456df069
  languageName: node
  linkType: hard

"dotenv@npm:^16.0.3":
  version: 16.0.3
  resolution: "dotenv@npm:16.0.3"
  checksum: d6788c8e40b35ad9a9ca29249dccf37fa6b3ad26700fcbc87f2f41101bf914f5193a04e36a3d23de70b1dcb8e5d5a3b21e151debace2c4cd08d868be500a1b29
  languageName: node
  linkType: hard

"dottie@npm:^2.0.2":
  version: 2.0.3
  resolution: "dottie@npm:2.0.3"
  checksum: 8f933e6d83cb814f4f5477956b1cf1d6bea3d9eafa70a88942979508c0475c15e34d1f6dd810d6055816f8e4e2ec3c1a659aadba1efd5cfe380d4285d6ca524e
  languageName: node
  linkType: hard

"ecdsa-sig-formatter@npm:1.0.11":
  version: 1.0.11
  resolution: "ecdsa-sig-formatter@npm:1.0.11"
  dependencies:
    safe-buffer: "npm:^5.0.1"
  checksum: 878e1aab8a42773320bc04c6de420bee21aebd71810e40b1799880a8a1c4594bcd6adc3d4213a0fb8147d4c3f529d8f9a618d7f59ad5a9a41b142058aceda23f
  languageName: node
  linkType: hard

"ee-first@npm:1.1.1":
  version: 1.1.1
  resolution: "ee-first@npm:1.1.1"
  checksum: 1b4cac778d64ce3b582a7e26b218afe07e207a0f9bfe13cc7395a6d307849cfe361e65033c3251e00c27dd060cab43014c2d6b2647676135e18b77d2d05b3f4f
  languageName: node
  linkType: hard

"encodeurl@npm:~1.0.2":
  version: 1.0.2
  resolution: "encodeurl@npm:1.0.2"
  checksum: e50e3d508cdd9c4565ba72d2012e65038e5d71bdc9198cb125beb6237b5b1ade6c0d343998da9e170fb2eae52c1bed37d4d6d98a46ea423a0cddbed5ac3f780c
  languageName: node
  linkType: hard

"escape-html@npm:~1.0.3":
  version: 1.0.3
  resolution: "escape-html@npm:1.0.3"
  checksum: 6213ca9ae00d0ab8bccb6d8d4e0a98e76237b2410302cf7df70aaa6591d509a2a37ce8998008cbecae8fc8ffaadf3fb0229535e6a145f3ce0b211d060decbb24
  languageName: node
  linkType: hard

"etag@npm:~1.8.1":
  version: 1.8.1
  resolution: "etag@npm:1.8.1"
  checksum: 571aeb3dbe0f2bbd4e4fadbdb44f325fc75335cd5f6f6b6a091e6a06a9f25ed5392f0863c5442acb0646787446e816f13cbfc6edce5b07658541dff573cab1ff
  languageName: node
  linkType: hard

"express@npm:^4.18.2":
  version: 4.18.2
  resolution: "express@npm:4.18.2"
  dependencies:
    accepts: "npm:~1.3.8"
    array-flatten: "npm:1.1.1"
    body-parser: "npm:1.20.1"
    content-disposition: "npm:0.5.4"
    content-type: "npm:~1.0.4"
    cookie: "npm:0.5.0"
    cookie-signature: "npm:1.0.6"
    debug: "npm:2.6.9"
    depd: "npm:2.0.0"
    encodeurl: "npm:~1.0.2"
    escape-html: "npm:~1.0.3"
    etag: "npm:~1.8.1"
    finalhandler: "npm:1.2.0"
    fresh: "npm:0.5.2"
    http-errors: "npm:2.0.0"
    merge-descriptors: "npm:1.0.1"
    methods: "npm:~1.1.2"
    on-finished: "npm:2.4.1"
    parseurl: "npm:~1.3.3"
    path-to-regexp: "npm:0.1.7"
    proxy-addr: "npm:~2.0.7"
    qs: "npm:6.11.0"
    range-parser: "npm:~1.2.1"
    safe-buffer: "npm:5.2.1"
    send: "npm:0.18.0"
    serve-static: "npm:1.15.0"
    setprototypeof: "npm:1.2.0"
    statuses: "npm:2.0.1"
    type-is: "npm:~1.6.18"
    utils-merge: "npm:1.0.1"
    vary: "npm:~1.1.2"
  checksum: 869ae89ed6ff4bed7b373079dc58e5dddcf2915a2669b36037ff78c99d675ae930e5fe052b35c24f56557d28a023bb1cbe3e2f2fb87eaab96a1cedd7e597809d
  languageName: node
  linkType: hard

"finalhandler@npm:1.2.0":
  version: 1.2.0
  resolution: "finalhandler@npm:1.2.0"
  dependencies:
    debug: "npm:2.6.9"
    encodeurl: "npm:~1.0.2"
    escape-html: "npm:~1.0.3"
    on-finished: "npm:2.4.1"
    parseurl: "npm:~1.3.3"
    statuses: "npm:2.0.1"
    unpipe: "npm:~1.0.0"
  checksum: 635718cb203c6d18e6b48dfbb6c54ccb08ea470e4f474ddcef38c47edcf3227feec316f886dd701235997d8af35240cae49856721ce18f539ad038665ebbf163
  languageName: node
  linkType: hard

"forwarded@npm:0.2.0":
  version: 0.2.0
  resolution: "forwarded@npm:0.2.0"
  checksum: 29ba9fd347117144e97cbb8852baae5e8b2acb7d1b591ef85695ed96f5b933b1804a7fac4a15dd09ca7ac7d0cdc104410e8102aae2dd3faa570a797ba07adb81
  languageName: node
  linkType: hard

"fresh@npm:0.5.2":
  version: 0.5.2
  resolution: "fresh@npm:0.5.2"
  checksum: 64c88e489b5d08e2f29664eb3c79c705ff9a8eb15d3e597198ef76546d4ade295897a44abb0abd2700e7ef784b2e3cbf1161e4fbf16f59129193fd1030d16da1
  languageName: node
  linkType: hard

"function-bind@npm:^1.1.1":
  version: 1.1.1
  resolution: "function-bind@npm:1.1.1"
  checksum: d83f2968030678f0b8c3f2183d63dcd969344eb8b55b4eb826a94ccac6de8b87c95bebffda37a6386c74f152284eb02956ff2c496897f35d32bdc2628ac68ac5
  languageName: node
  linkType: hard

"generate-function@npm:^2.3.1":
  version: 2.3.1
  resolution: "generate-function@npm:2.3.1"
  dependencies:
    is-property: "npm:^1.0.2"
  checksum: 318f85af87c3258d86df4ebbb56b63a2ae52e71bd6cde8d0a79de09450de7422a7047fb1f8d52ccc135564a36cb986d73c63149eed96b7ac57e38acba44f29e2
  languageName: node
  linkType: hard

"get-intrinsic@npm:^1.0.2":
  version: 1.2.0
  resolution: "get-intrinsic@npm:1.2.0"
  dependencies:
    function-bind: "npm:^1.1.1"
    has: "npm:^1.0.3"
    has-symbols: "npm:^1.0.3"
  checksum: f57c5fe67a96adace4f8e80c288728bcd0ccfdc82c9cc53e4a5ef1ec857b5f7ef4b1c289e39649b1df226bace81103630bf7e128c821f82cd603450036e54f97
  languageName: node
  linkType: hard

"has-symbols@npm:^1.0.3":
  version: 1.0.3
  resolution: "has-symbols@npm:1.0.3"
  checksum: 464f97a8202a7690dadd026e6d73b1ceeddd60fe6acfd06151106f050303eaa75855aaa94969df8015c11ff7c505f196114d22f7386b4a471038da5874cf5e9b
  languageName: node
  linkType: hard

"has@npm:^1.0.3":
  version: 1.0.3
  resolution: "has@npm:1.0.3"
  dependencies:
    function-bind: "npm:^1.1.1"
  checksum: a449f3185b1d165026e8d25f6a8c3390bd25c201ff4b8c1aaf948fc6a5fcfd6507310b8c00c13a3325795ea9791fcc3d79d61eafa313b5750438fc19183df57b
  languageName: node
  linkType: hard

"http-errors@npm:2.0.0":
  version: 2.0.0
  resolution: "http-errors@npm:2.0.0"
  dependencies:
    depd: "npm:2.0.0"
    inherits: "npm:2.0.4"
    setprototypeof: "npm:1.2.0"
    statuses: "npm:2.0.1"
    toidentifier: "npm:1.0.1"
  checksum: 0e7f76ee8ff8a33e58a3281a469815b893c41357378f408be8f6d4aa7d1efafb0da064625518e7078381b6a92325949b119dc38fcb30bdbc4e3a35f78c44c439
  languageName: node
  linkType: hard

"iconv-lite@npm:0.4.24":
  version: 0.4.24
  resolution: "iconv-lite@npm:0.4.24"
  dependencies:
    safer-buffer: "npm:>= 2.1.2 < 3"
  checksum: 6d3a2dac6e5d1fb126d25645c25c3a1209f70cceecc68b8ef51ae0da3cdc078c151fade7524a30b12a3094926336831fca09c666ef55b37e2c69638b5d6bd2e3
  languageName: node
  linkType: hard

"iconv-lite@npm:^0.6.3":
  version: 0.6.3
  resolution: "iconv-lite@npm:0.6.3"
  dependencies:
    safer-buffer: "npm:>= 2.1.2 < 3.0.0"
  checksum: 24e3292dd3dadaa81d065c6f8c41b274a47098150d444b96e5f53b4638a9a71482921ea6a91a1f59bb71d9796de25e04afd05919fa64c360347ba65d3766f10f
  languageName: node
  linkType: hard

"inflection@npm:^1.13.2":
  version: 1.13.4
  resolution: "inflection@npm:1.13.4"
  checksum: a0cc1b105ccbda9607b5d1610b5c7aa35456ca06b7f3573a47c677e1f829052859cacc36601c3c07de89cb756616a440814ef2d190a6ae70398e6aa6efc2a547
  languageName: node
  linkType: hard

"inherits@npm:2.0.4":
  version: 2.0.4
  resolution: "inherits@npm:2.0.4"
  checksum: cd45e923bee15186c07fa4c89db0aace24824c482fb887b528304694b2aa6ff8a898da8657046a5dcf3e46cd6db6c61629551f9215f208d7c3f157cf9b290521
  languageName: node
  linkType: hard

"ipaddr.js@npm:1.9.1":
  version: 1.9.1
  resolution: "ipaddr.js@npm:1.9.1"
  checksum: 864d0cced0c0832700e9621913a6429ccdc67f37c1bd78fb8c6789fff35c9d167cb329134acad2290497a53336813ab4798d2794fd675d5eb33b5fdf0982b9ca
  languageName: node
  linkType: hard

"is-property@npm:^1.0.2":
  version: 1.0.2
  resolution: "is-property@npm:1.0.2"
  checksum: 2f66eacb3d7237ba5c725496672edec656a20b12c80790921988578e6b11c258a062ce1e602f3cd2e3c2e05dd8b6e24e1d59254375207f157424a02ef0abb3d7
  languageName: node
  linkType: hard

"jsonwebtoken@npm:^9.0.0":
  version: 9.0.0
  resolution: "jsonwebtoken@npm:9.0.0"
  dependencies:
    jws: "npm:^3.2.2"
    lodash: "npm:^4.17.21"
    ms: "npm:^2.1.1"
    semver: "npm:^7.3.8"
  checksum: 769ea563e9851b4d8a00d7f4bd90e10233344e6c62f01a3a154756a8832fa2ba2f14341080529bf5a72961ae8a74007ade6493c89143e5c800e218bee48b0149
  languageName: node
  linkType: hard

"jwa@npm:^1.4.1":
  version: 1.4.1
  resolution: "jwa@npm:1.4.1"
  dependencies:
    buffer-equal-constant-time: "npm:1.0.1"
    ecdsa-sig-formatter: "npm:1.0.11"
    safe-buffer: "npm:^5.0.1"
  checksum: 0bc002b71dd70480fedc7d442a4d2b9185a9947352a027dcb4935864ad2323c57b5d391adf968a3622b61e940cef4f3484d5813b95864539272d41cac145d6f3
  languageName: node
  linkType: hard

"jws@npm:^3.2.2":
  version: 3.2.2
  resolution: "jws@npm:3.2.2"
  dependencies:
    jwa: "npm:^1.4.1"
    safe-buffer: "npm:^5.0.1"
  checksum: 70b016974af8a76d25030c80a0097b24ed5b17a9cf10f43b163c11cb4eb248d5d04a3fe48c0d724d2884c32879d878ccad7be0663720f46b464f662f7ed778fe
  languageName: node
  linkType: hard

"lodash@npm:^4.17.21":
  version: 4.17.21
  resolution: "lodash@npm:4.17.21"
  checksum: c08619c038846ea6ac754abd6dd29d2568aa705feb69339e836dfa8d8b09abbb2f859371e86863eda41848221f9af43714491467b5b0299122431e202bb0c532
  languageName: node
  linkType: hard

"long@npm:^5.2.1":
  version: 5.2.1
  resolution: "long@npm:5.2.1"
  checksum: 2985ebc76c618ce1e13391de9893cb42359d389f30fed6150dbfb21a2c2a26fd2f88fa37c1499aa27d06349a003e75fa283c5a74b588db1a9daeea2693afb431
  languageName: node
  linkType: hard

"lru-cache@npm:^6.0.0":
  version: 6.0.0
  resolution: "lru-cache@npm:6.0.0"
  dependencies:
    yallist: "npm:^4.0.0"
  checksum: fc1fe2ee205f7c8855fa0f34c1ab0bcf14b6229e35579ec1fd1079f31d6fc8ef8eb6fd17f2f4d99788d7e339f50e047555551ebd5e434dda503696e7c6591825
  languageName: node
  linkType: hard

"lru-cache@npm:^7.14.1":
  version: 7.18.3
  resolution: "lru-cache@npm:7.18.3"
  checksum: 6029ca5aba3aacb554e919d7ef804fffd4adfc4c83db00fac8248c7c78811fb6d4b6f70f7fd9d55032b3823446546a007edaa66ad1f2377ae833bd983fac5d98
  languageName: node
  linkType: hard

"make-error@npm:^1.1.1":
  version: 1.3.6
  resolution: "make-error@npm:1.3.6"
  checksum: b86e5e0e25f7f777b77fabd8e2cbf15737972869d852a22b7e73c17623928fccb826d8e46b9951501d3f20e51ad74ba8c59ed584f610526a48f8ccf88aaec402
  languageName: node
  linkType: hard

"media-typer@npm:0.3.0":
  version: 0.3.0
  resolution: "media-typer@npm:0.3.0"
  checksum: 38e0984db39139604756903a01397e29e17dcb04207bb3e081412ce725ab17338ecc47220c1b186b6bbe79a658aad1b0d41142884f5a481f36290cdefbe6aa46
  languageName: node
  linkType: hard

"merge-descriptors@npm:1.0.1":
  version: 1.0.1
  resolution: "merge-descriptors@npm:1.0.1"
  checksum: 5abc259d2ae25bb06d19ce2b94a21632583c74e2a9109ee1ba7fd147aa7362b380d971e0251069f8b3eb7d48c21ac839e21fa177b335e82c76ec172e30c31a26
  languageName: node
  linkType: hard

"methods@npm:~1.1.2":
  version: 1.1.2
  resolution: "methods@npm:1.1.2"
  checksum: a385dd974faa34b5dd021b2bbf78c722881bf6f003bfe6d391d7da3ea1ed625d1ff10ddd13c57531f628b3e785be38d3eed10ad03cebd90b76932413df9a1820
  languageName: node
  linkType: hard

"mime-db@npm:1.52.0":
  version: 1.52.0
  resolution: "mime-db@npm:1.52.0"
  checksum: 54bb60bf39e6f8689f6622784e668a3d7f8bed6b0d886f5c3c446cb3284be28b30bf707ed05d0fe44a036f8469976b2629bbea182684977b084de9da274694d7
  languageName: node
  linkType: hard

"mime-types@npm:~2.1.24, mime-types@npm:~2.1.34":
  version: 2.1.35
  resolution: "mime-types@npm:2.1.35"
  dependencies:
    mime-db: "npm:1.52.0"
  checksum: 89aa9651b67644035de2784a6e665fc685d79aba61857e02b9c8758da874a754aed4a9aced9265f5ed1171fd934331e5516b84a7f0218031b6fa0270eca1e51a
  languageName: node
  linkType: hard

"mime@npm:1.6.0":
  version: 1.6.0
  resolution: "mime@npm:1.6.0"
  bin:
    mime: cli.js
  checksum: b7d98bb1e006c0e63e2c91b590fe1163b872abf8f7ef224d53dd31499c2197278a6d3d0864c45239b1a93d22feaf6f9477e9fc847eef945838150b8c02d03170
  languageName: node
  linkType: hard

"moment-timezone@npm:^0.5.35":
  version: 0.5.41
  resolution: "moment-timezone@npm:0.5.41"
  dependencies:
    moment: "npm:^2.29.4"
  checksum: 528064533f4a727678c2097ed5d5118a4f8eb653d33b3f9f25da3fccc4f6c266e18816aca5d08a95c73898d504c4c354372931673b7cbb3329a5c875d1c47e2c
  languageName: node
  linkType: hard

"moment@npm:^2.29.1, moment@npm:^2.29.4":
  version: 2.29.4
  resolution: "moment@npm:2.29.4"
  checksum: 157c5af5a0ba8196e577bc67feb583303191d21ba1f7f2af30b3b40d4c63a64d505ba402be2a1454832082fac6be69db1e0d186c3279dae191e6634b0c33705c
  languageName: node
  linkType: hard

"ms@npm:2.0.0":
  version: 2.0.0
  resolution: "ms@npm:2.0.0"
  checksum: 0e6a22b8b746d2e0b65a430519934fefd41b6db0682e3477c10f60c76e947c4c0ad06f63ffdf1d78d335f83edee8c0aa928aa66a36c7cd95b69b26f468d527f4
  languageName: node
  linkType: hard

"ms@npm:2.1.2":
  version: 2.1.2
  resolution: "ms@npm:2.1.2"
  checksum: 673cdb2c3133eb050c745908d8ce632ed2c02d85640e2edb3ace856a2266a813b30c613569bf3354fdf4ea7d1a1494add3bfa95e2713baa27d0c2c71fc44f58f
  languageName: node
  linkType: hard

"ms@npm:2.1.3, ms@npm:^2.1.1":
  version: 2.1.3
  resolution: "ms@npm:2.1.3"
  checksum: aa92de608021b242401676e35cfa5aa42dd70cbdc082b916da7fb925c542173e36bce97ea3e804923fe92c0ad991434e4a38327e15a1b5b5f945d66df615ae6d
  languageName: node
  linkType: hard

"mysql2@npm:^3.2.0":
  version: 3.2.0
  resolution: "mysql2@npm:3.2.0"
  dependencies:
    denque: "npm:^2.1.0"
    generate-function: "npm:^2.3.1"
    iconv-lite: "npm:^0.6.3"
    long: "npm:^5.2.1"
    lru-cache: "npm:^7.14.1"
    named-placeholders: "npm:^1.1.3"
    seq-queue: "npm:^0.0.5"
    sqlstring: "npm:^2.3.2"
  checksum: 24047a886e16540d376bc024c0744d2a4b89049702092f1a57bf0d9303c7e0c0c220a6688540582f97e9859ee5884eabba61ff37f44f6a47ec95a1d2d9fed1d4
  languageName: node
  linkType: hard

"named-placeholders@npm:^1.1.3":
  version: 1.1.3
  resolution: "named-placeholders@npm:1.1.3"
  dependencies:
    lru-cache: "npm:^7.14.1"
  checksum: 7834adc91e92ae1b9c4413384e3ccd297de5168bb44017ff0536705ddc4db421723bd964607849265feb3f6ded390f84cf138e5925f22f7c13324f87a803dc73
  languageName: node
  linkType: hard

"negotiator@npm:0.6.3":
  version: 0.6.3
  resolution: "negotiator@npm:0.6.3"
  checksum: 2723fb822a17ad55c93a588a4bc44d53b22855bf4be5499916ca0cab1e7165409d0b288ba2577d7b029f10ce18cf2ed8e703e5af31c984e1e2304277ef979837
  languageName: node
  linkType: hard

"object-inspect@npm:^1.9.0":
  version: 1.12.3
  resolution: "object-inspect@npm:1.12.3"
  checksum: 532b0036f0472f561180fac0d04fe328ee01f57637624c83fb054f81b5bfe966cdf4200612a499ed391a7ca3c46b20a0bc3a55fc8241d944abe687c556a32b39
  languageName: node
  linkType: hard

"on-finished@npm:2.4.1":
  version: 2.4.1
  resolution: "on-finished@npm:2.4.1"
  dependencies:
    ee-first: "npm:1.1.1"
  checksum: 8e81472c5028125c8c39044ac4ab8ba51a7cdc19a9fbd4710f5d524a74c6d8c9ded4dd0eed83f28d3d33ac1d7a6a439ba948ccb765ac6ce87f30450a26bfe2ea
  languageName: node
  linkType: hard

"packet-reader@npm:1.0.0":
  version: 1.0.0
  resolution: "packet-reader@npm:1.0.0"
  checksum: 8504cc8c32672380867e933516a029b1d4dd784c139213c85c9042ffc1162de48ec914f8c71260a9311518694cf5d0be11c67357f4b536129d2ea42aa7257ec0
  languageName: node
  linkType: hard

"parseurl@npm:~1.3.3":
  version: 1.3.3
  resolution: "parseurl@npm:1.3.3"
  checksum: 407cee8e0a3a4c5cd472559bca8b6a45b82c124e9a4703302326e9ab60fc1081442ada4e02628efef1eb16197ddc7f8822f5a91fd7d7c86b51f530aedb17dfa2
  languageName: node
  linkType: hard

"path-to-regexp@npm:0.1.7":
  version: 0.1.7
  resolution: "path-to-regexp@npm:0.1.7"
  checksum: 701c99e1f08e3400bea4d701cf6f03517474bb1b608da71c78b1eb261415b645c5670dfae49808c89e12cea2dccd113b069f040a80de012da0400191c6dbd1c8
  languageName: node
  linkType: hard

"pg-connection-string@npm:^2.5.0":
  version: 2.5.0
  resolution: "pg-connection-string@npm:2.5.0"
  checksum: a6f3a068f7c9416a5b33a326811caf0dfaaee045c225b7c628b4c9b4e9a2b25bdd12a21e4c48940e1000ea223a4e608ca122d2ff3dd08c8b1db0fc9f5705133a
  languageName: node
  linkType: hard

"pg-hstore@npm:^2.3.4":
  version: 2.3.4
  resolution: "pg-hstore@npm:2.3.4"
  dependencies:
    underscore: "npm:^1.13.1"
  checksum: e1398c12d6e50c6a7e41cf27d1c4f4cf8c117663a2b4c49334d6c5a35fad980adb699dc52e34c1295351639ac4ea34caa762bbcec7b75c23568ddd3a50730ee3
  languageName: node
  linkType: hard

"pg-int8@npm:1.0.1":
  version: 1.0.1
  resolution: "pg-int8@npm:1.0.1"
  checksum: a1e3a05a69005ddb73e5f324b6b4e689868a447c5fa280b44cd4d04e6916a344ac289e0b8d2695d66e8e89a7fba023affb9e0e94778770ada5df43f003d664c9
  languageName: node
  linkType: hard

"pg-pool@npm:^3.6.0":
  version: 3.6.0
  resolution: "pg-pool@npm:3.6.0"
  peerDependencies:
    pg: ">=8.0"
  checksum: 74b893cec3ef2b8062cddfa616dfa2a2ee4c0e340959fd9055fee470e095ea2df0e2dd13bbe31a630741300ed53191bd3177d077c0a29c4b74e630c00e856c63
  languageName: node
  linkType: hard

"pg-protocol@npm:^1.6.0":
  version: 1.6.0
  resolution: "pg-protocol@npm:1.6.0"
  checksum: 995864cc2a8517368b84697c753caff769a4db292eda66f96d9eec46e3aa84737cd0b0fe171aca9d7d4b4a4c46bb25bd399713cb1027a5bf8f38adea0b4284f4
  languageName: node
  linkType: hard

"pg-types@npm:^2.1.0":
  version: 2.2.0
  resolution: "pg-types@npm:2.2.0"
  dependencies:
    pg-int8: "npm:1.0.1"
    postgres-array: "npm:~2.0.0"
    postgres-bytea: "npm:~1.0.0"
    postgres-date: "npm:~1.0.4"
    postgres-interval: "npm:^1.1.0"
  checksum: 87a84d4baa91378d3a3da6076c69685eb905d1087bf73525ae1ba84b291b9dd8738c6716b333d8eac6cec91bf087237adc3e9281727365e9cbab0d9d072778b1
  languageName: node
  linkType: hard

"pg@npm:^8.10.0":
  version: 8.10.0
  resolution: "pg@npm:8.10.0"
  dependencies:
    buffer-writer: "npm:2.0.0"
    packet-reader: "npm:1.0.0"
    pg-connection-string: "npm:^2.5.0"
    pg-pool: "npm:^3.6.0"
    pg-protocol: "npm:^1.6.0"
    pg-types: "npm:^2.1.0"
    pgpass: "npm:1.x"
  peerDependencies:
    pg-native: ">=3.0.1"
  peerDependenciesMeta:
    pg-native:
      optional: true
  checksum: 3f22425737253151b760d7a967b48c3708eb251954f4e2b1af83eadbfe3fe0b8ee58b15599e23ef8cd24928ee36ab7bc952d52cd23cb29be504845e87d948ca2
  languageName: node
  linkType: hard

"pgpass@npm:1.x":
  version: 1.0.5
  resolution: "pgpass@npm:1.0.5"
  dependencies:
    split2: "npm:^4.1.0"
  checksum: 0a6f3bf76e36bdb3c20a7e8033140c732767bba7e81f845f7489fc3123a2bd6e3b8e704f08cba86b117435414b5d2422e20ba9d5f2efb6f0c75c9efca73e8e87
  languageName: node
  linkType: hard

"postgres-array@npm:~2.0.0":
  version: 2.0.0
  resolution: "postgres-array@npm:2.0.0"
  checksum: aff99e79714d1271fe942fec4ffa2007b755e7e7dc3d2feecae3f1ceecb86fd3637c8138037fc3d9e7ec369231eeb136843c0b25927bf1ce295245a40ef849b4
  languageName: node
  linkType: hard

"postgres-bytea@npm:~1.0.0":
  version: 1.0.0
  resolution: "postgres-bytea@npm:1.0.0"
  checksum: d844ae4ca7a941b70e45cac1261a73ee8ed39d72d3d74ab1d645248185a1b7f0ac91a3c63d6159441020f4e1f7fe64689ac56536a307b31cef361e5187335090
  languageName: node
  linkType: hard

"postgres-date@npm:~1.0.4":
  version: 1.0.7
  resolution: "postgres-date@npm:1.0.7"
  checksum: 571ef45bec4551bb5d608c31b79987d7a895141f7d6c7b82e936a52d23d97474c770c6143e5cf8936c1cdc8b0dfd95e79f8136bf56a90164182a60f242c19f2b
  languageName: node
  linkType: hard

"postgres-interval@npm:^1.1.0":
  version: 1.2.0
  resolution: "postgres-interval@npm:1.2.0"
  dependencies:
    xtend: "npm:^4.0.0"
  checksum: 746b71f93805ae33b03528e429dc624706d1f9b20ee81bf743263efb6a0cd79ae02a642a8a480dbc0f09547b4315ab7df6ce5ec0be77ed700bac42730f5c76b2
  languageName: node
  linkType: hard

"proxy-addr@npm:~2.0.7":
  version: 2.0.7
  resolution: "proxy-addr@npm:2.0.7"
  dependencies:
    forwarded: "npm:0.2.0"
    ipaddr.js: "npm:1.9.1"
  checksum: f24a0c80af0e75d31e3451398670d73406ec642914da11a2965b80b1898ca6f66a0e3e091a11a4327079b2b268795f6fa06691923fef91887215c3d0e8ea3f68
  languageName: node
  linkType: hard

"qs@npm:6.11.0":
  version: 6.11.0
  resolution: "qs@npm:6.11.0"
  dependencies:
    side-channel: "npm:^1.0.4"
  checksum: 5a3bfea3e2f359ede1bfa5d2f0dbe54001aa55e40e27dc3e60fab814362d83a9b30758db057c2011b6f53a2d4e4e5150194b5bac45372652aecb3e3c0d4b256e
  languageName: node
  linkType: hard

"range-parser@npm:~1.2.1":
  version: 1.2.1
  resolution: "range-parser@npm:1.2.1"
  checksum: ce21ef2a2dd40506893157970dc76e835c78cf56437e26e19189c48d5291e7279314477b06ac38abd6a401b661a6840f7b03bd0b1249da9b691deeaa15872c26
  languageName: node
  linkType: hard

"raw-body@npm:2.5.1":
  version: 2.5.1
  resolution: "raw-body@npm:2.5.1"
  dependencies:
    bytes: "npm:3.1.2"
    http-errors: "npm:2.0.0"
    iconv-lite: "npm:0.4.24"
    unpipe: "npm:1.0.0"
  checksum: 280bedc12db3490ecd06f740bdcf66093a07535374b51331242382c0e130bb273ebb611b7bc4cba1b4b4e016cc7b1f4b05a6df885a6af39c2bc3b94c02291c84
  languageName: node
  linkType: hard

"retry-as-promised@npm:^7.0.3":
  version: 7.0.4
  resolution: "retry-as-promised@npm:7.0.4"
  checksum: cd9fd20e990c6980a2979348fbc198aa4a065f03242c1cd7782372da7054253927e0803291c843db07255a38d255936cc0f9da55bf826c9f75443a9dedb8bf4b
  languageName: node
  linkType: hard

"safe-buffer@npm:5.2.1, safe-buffer@npm:^5.0.1":
  version: 5.2.1
  resolution: "safe-buffer@npm:5.2.1"
  checksum: 32872cd0ff68a3ddade7a7617b8f4c2ae8764d8b7d884c651b74457967a9e0e886267d3ecc781220629c44a865167b61c375d2da6c720c840ecd73f45d5d9451
  languageName: node
  linkType: hard

"safer-buffer@npm:>= 2.1.2 < 3, safer-buffer@npm:>= 2.1.2 < 3.0.0":
  version: 2.1.2
  resolution: "safer-buffer@npm:2.1.2"
  checksum: 7eaf7a0cf37cc27b42fb3ef6a9b1df6e93a1c6d98c6c6702b02fe262d5fcbd89db63320793b99b21cb5348097d0a53de81bd5f4e8b86e20cc9412e3f1cfb4e83
  languageName: node
  linkType: hard

"semver@npm:^7.3.5, semver@npm:^7.3.8":
  version: 7.3.8
  resolution: "semver@npm:7.3.8"
  dependencies:
    lru-cache: "npm:^6.0.0"
  bin:
    semver: bin/semver.js
  checksum: c8c04a4d41d30cffa7277904e0ad6998623dd61e36bca9578b0128d8c683b705a3924beada55eae7fa004fb30a9359a53a4ead2b68468d778b602f3b1a28f8e3
  languageName: node
  linkType: hard

"send@npm:0.18.0":
  version: 0.18.0
  resolution: "send@npm:0.18.0"
  dependencies:
    debug: "npm:2.6.9"
    depd: "npm:2.0.0"
    destroy: "npm:1.2.0"
    encodeurl: "npm:~1.0.2"
    escape-html: "npm:~1.0.3"
    etag: "npm:~1.8.1"
    fresh: "npm:0.5.2"
    http-errors: "npm:2.0.0"
    mime: "npm:1.6.0"
    ms: "npm:2.1.3"
    on-finished: "npm:2.4.1"
    range-parser: "npm:~1.2.1"
    statuses: "npm:2.0.1"
  checksum: ec66c0ad109680ad8141d507677cfd8b4e40b9559de23191871803ed241718e99026faa46c398dcfb9250676076573bd6bfe5d0ec347f88f4b7b8533d1d391cb
  languageName: node
  linkType: hard

"seq-queue@npm:^0.0.5":
  version: 0.0.5
  resolution: "seq-queue@npm:0.0.5"
  checksum: fa302e3b2aaece644532603ae42d675f9b8750e395a98740dd58dc5e02985ce6f0c2b78715b5984d6f6a807893735a14212a70d6ec591e6fba410397269588a0
  languageName: node
  linkType: hard

"sequelize-pool@npm:^7.1.0":
  version: 7.1.0
  resolution: "sequelize-pool@npm:7.1.0"
  checksum: eeb0837451afb245cf3aece5d93c50ef051bd7f4397c4e578f8cbf41ebf485e0acd887c1aa3f4394b80dc874229a32ce5aafeaa2f00ec3ecc5dfcc518bd7bf7e
  languageName: node
  linkType: hard

"sequelize@npm:^6.29.3":
  version: 6.29.3
  resolution: "sequelize@npm:6.29.3"
  dependencies:
    "@types/debug": "npm:^4.1.7"
    "@types/validator": "npm:^13.7.1"
    debug: "npm:^4.3.3"
    dottie: "npm:^2.0.2"
    inflection: "npm:^1.13.2"
    lodash: "npm:^4.17.21"
    moment: "npm:^2.29.1"
    moment-timezone: "npm:^0.5.35"
    pg-connection-string: "npm:^2.5.0"
    retry-as-promised: "npm:^7.0.3"
    semver: "npm:^7.3.5"
    sequelize-pool: "npm:^7.1.0"
    toposort-class: "npm:^1.0.1"
    uuid: "npm:^8.3.2"
    validator: "npm:^13.7.0"
    wkx: "npm:^0.5.0"
  peerDependenciesMeta:
    ibm_db:
      optional: true
    mariadb:
      optional: true
    mysql2:
      optional: true
    oracledb:
      optional: true
    pg:
      optional: true
    pg-hstore:
      optional: true
    snowflake-sdk:
      optional: true
    sqlite3:
      optional: true
    tedious:
      optional: true
  checksum: dea508d6adc567670127cf408990bdf3640ed2c9fd61295747e9ccdb35f598286f42c4103279a939ba51ee61654d2710be1b6e6e136d3b15babd2c0e8509cc82
  languageName: node
  linkType: hard

"serve-static@npm:1.15.0":
  version: 1.15.0
  resolution: "serve-static@npm:1.15.0"
  dependencies:
    encodeurl: "npm:~1.0.2"
    escape-html: "npm:~1.0.3"
    parseurl: "npm:~1.3.3"
    send: "npm:0.18.0"
  checksum: 699b2d4c29807a51d9b5e0f24955346911437aebb0178b3c4833ad30d3eca93385ff9927254f5c16da345903cad39d9cd4a532198c95a5129cc4ed43911b15a4
  languageName: node
  linkType: hard

"setprototypeof@npm:1.2.0":
  version: 1.2.0
  resolution: "setprototypeof@npm:1.2.0"
  checksum: fde1630422502fbbc19e6844346778f99d449986b2f9cdcceb8326730d2f3d9964dbcb03c02aaadaefffecd0f2c063315ebea8b3ad895914bf1afc1747fc172e
  languageName: node
  linkType: hard

"side-channel@npm:^1.0.4":
  version: 1.0.4
  resolution: "side-channel@npm:1.0.4"
  dependencies:
    call-bind: "npm:^1.0.0"
    get-intrinsic: "npm:^1.0.2"
    object-inspect: "npm:^1.9.0"
  checksum: c4998d9fc530b0e75a7fd791ad868fdc42846f072734f9080ff55cc8dc7d3899abcda24fd896aa6648c3ab7021b4bb478073eb4f44dfd55bce9714bc1a7c5d45
  languageName: node
  linkType: hard

"split2@npm:^4.1.0":
  version: 4.1.0
  resolution: "split2@npm:4.1.0"
  checksum: 9d2dea7f2b2b788e2921b16ca4dd4e4ecaf334e401ce28c6cbf6efd66f22400e8df68b297a9d5b8ea6d1cba4d31647c45cdc5e4b4c6c3c7b01095dd35ab50dc9
  languageName: node
  linkType: hard

"sqlstring@npm:^2.3.2":
  version: 2.3.3
  resolution: "sqlstring@npm:2.3.3"
  checksum: 4e5a25af2d77a031fe00694034bf9fd822ddc3a483c9383124b120aa6b9ae9ab71e173cd29fba9c653998ebfef9e97be668957839960b9b3dc1afcb45f1ddb64
  languageName: node
  linkType: hard

"statuses@npm:2.0.1":
  version: 2.0.1
  resolution: "statuses@npm:2.0.1"
  checksum: 18c7623fdb8f646fb213ca4051be4df7efb3484d4ab662937ca6fbef7ced9b9e12842709872eb3020cc3504b93bde88935c9f6417489627a7786f24f8031cbcb
  languageName: node
  linkType: hard

"toidentifier@npm:1.0.1":
  version: 1.0.1
  resolution: "toidentifier@npm:1.0.1"
  checksum: 952c29e2a85d7123239b5cfdd889a0dde47ab0497f0913d70588f19c53f7e0b5327c95f4651e413c74b785147f9637b17410ac8c846d5d4a20a5a33eb6dc3a45
  languageName: node
  linkType: hard

"toposort-class@npm:^1.0.1":
  version: 1.0.1
  resolution: "toposort-class@npm:1.0.1"
  checksum: 166cb89ecb544383691e69eb9305b637dbc239f30894af0984cb4ee40f266c8c0fcadadd4ee6879c5466d1fd9153b22cfa3b19b649337d0da927b866352f7d75
  languageName: node
  linkType: hard

"ts-node@npm:^10.9.1":
  version: 10.9.1
  resolution: "ts-node@npm:10.9.1"
  dependencies:
    "@cspotcode/source-map-support": "npm:^0.8.0"
    "@tsconfig/node10": "npm:^1.0.7"
    "@tsconfig/node12": "npm:^1.0.7"
    "@tsconfig/node14": "npm:^1.0.0"
    "@tsconfig/node16": "npm:^1.0.2"
    acorn: "npm:^8.4.1"
    acorn-walk: "npm:^8.1.1"
    arg: "npm:^4.1.0"
    create-require: "npm:^1.1.0"
    diff: "npm:^4.0.1"
    make-error: "npm:^1.1.1"
    v8-compile-cache-lib: "npm:^3.0.1"
    yn: "npm:3.1.1"
  peerDependencies:
    "@swc/core": ">=1.2.50"
    "@swc/wasm": ">=1.2.50"
    "@types/node": "*"
    typescript: ">=2.7"
  peerDependenciesMeta:
    "@swc/core":
      optional: true
    "@swc/wasm":
      optional: true
  bin:
    ts-node: dist/bin.js
    ts-node-cwd: dist/bin-cwd.js
    ts-node-esm: dist/bin-esm.js
    ts-node-script: dist/bin-script.js
    ts-node-transpile-only: dist/bin-transpile.js
    ts-script: dist/bin-script-deprecated.js
  checksum: bee56d4dc96ccbafc99dfab7b73fbabc62abab2562af53cdea91c874a301b9d11e42bc33c0a032a6ed6d813dbdc9295ec73dde7b73ea4ebde02b0e22006f7e04
  languageName: node
  linkType: hard

"type-is@npm:~1.6.18":
  version: 1.6.18
  resolution: "type-is@npm:1.6.18"
  dependencies:
    media-typer: "npm:0.3.0"
    mime-types: "npm:~2.1.24"
  checksum: 0bd9eeae5efd27d98fd63519f999908c009e148039d8e7179a074f105362d4fcc214c38b24f6cda79c87e563cbd12083a4691381ed28559220d4a10c2047bed4
  languageName: node
  linkType: hard

"typescript@npm:^5.0.2":
  version: 5.0.2
  resolution: "typescript@npm:5.0.2"
  bin:
    tsc: bin/tsc
    tsserver: bin/tsserver
  checksum: 1a195c619249c5a7cbcf1a725f88ea74f6db513719231000ec5af1aab269934fc73f30d55c2ee0407f8bfdcaa75a9e5731dee718dd1d796133e960bfeb99bdc6
  languageName: node
  linkType: hard

"typescript@patch:typescript@npm%3A^5.0.2#optional!builtin<compat/typescript>":
  version: 5.0.2
  resolution: "typescript@patch:typescript@npm%3A5.0.2#optional!builtin<compat/typescript>::version=5.0.2&hash=b5f058"
  bin:
    tsc: bin/tsc
    tsserver: bin/tsserver
  checksum: e8490236d4cd894e078632f3d1fee476dacab493680331e25e038ff19c80990b734615cb4dfc076927ddc465b8c8b7833ff62be493cb82a653fe4a251a65159a
  languageName: node
  linkType: hard

"underscore@npm:^1.13.1":
  version: 1.13.6
  resolution: "underscore@npm:1.13.6"
  checksum: 58cf5dc42cb0ac99c146ae4064792c0a2cc84f3a3c4ad88f5082e79057dfdff3371d896d1ec20379e9ece2450d94fa78f2ef5bfefc199ba320653e32c009bd66
  languageName: node
  linkType: hard

"unpipe@npm:1.0.0, unpipe@npm:~1.0.0":
  version: 1.0.0
  resolution: "unpipe@npm:1.0.0"
  checksum: 4fa18d8d8d977c55cb09715385c203197105e10a6d220087ec819f50cb68870f02942244f1017565484237f1f8c5d3cd413631b1ae104d3096f24fdfde1b4aa2
  languageName: node
  linkType: hard

"utils-merge@npm:1.0.1":
  version: 1.0.1
  resolution: "utils-merge@npm:1.0.1"
  checksum: 5d6949693d58cb2e636a84f3ee1c6e7b2f9c16cb1d42d0ecb386d8c025c69e327205aa1c69e2868cc06a01e5e20681fbba55a4e0ed0cce913d60334024eae798
  languageName: node
  linkType: hard

"uuid@npm:^8.3.2":
  version: 8.3.2
  resolution: "uuid@npm:8.3.2"
  bin:
    uuid: dist/bin/uuid
  checksum: 9a5f7aa1d6f56dd1e8d5f2478f855f25c645e64e26e347a98e98d95781d5ed20062d6cca2eecb58ba7c84bc3910be95c0451ef4161906abaab44f9cb68ffbdd1
  languageName: node
  linkType: hard

"v8-compile-cache-lib@npm:^3.0.1":
  version: 3.0.1
  resolution: "v8-compile-cache-lib@npm:3.0.1"
  checksum: 88d3423a52b6aaf1836be779cab12f7016d47ad8430dffba6edf766695e6d90ad4adaa3d8eeb512cc05924f3e246c4a4ca51e089dccf4402caa536b5e5be8961
  languageName: node
  linkType: hard

"validator@npm:^13.7.0":
  version: 13.9.0
  resolution: "validator@npm:13.9.0"
  checksum: 14f77ff495c5016459fd87b8bf5209871ed2716feb981252e1e9cb5ff44d2c5d97c57d19d9de32fbac90b660a11042015ae44d05e1b9259f8d7b315e5e9a59a9
  languageName: node
  linkType: hard

"vary@npm:~1.1.2":
  version: 1.1.2
  resolution: "vary@npm:1.1.2"
  checksum: 31389debef15a480849b8331b220782230b9815a8e0dbb7b9a8369559aed2e9a7800cd904d4371ea74f4c3527db456dc8e7ac5befce5f0d289014dbdf47b2242
  languageName: node
  linkType: hard

"wkx@npm:^0.5.0":
  version: 0.5.0
  resolution: "wkx@npm:0.5.0"
  dependencies:
    "@types/node": "npm:*"
  checksum: b8975e33f9431380eb82707ec39689767f967a8ce362eea5303399618896c983a2dec3ad72fd7273bdf126181c760067519130434344891300ebd54f5d5cbf4a
  languageName: node
  linkType: hard

"xtend@npm:^4.0.0":
  version: 4.0.2
  resolution: "xtend@npm:4.0.2"
  checksum: ac5dfa738b21f6e7f0dd6e65e1b3155036d68104e67e5d5d1bde74892e327d7e5636a076f625599dc394330a731861e87343ff184b0047fef1360a7ec0a5a36a
  languageName: node
  linkType: hard

"yallist@npm:^4.0.0":
  version: 4.0.0
  resolution: "yallist@npm:4.0.0"
  checksum: 4cb02b42b8a93b5cf50caf5d8e9beb409400a8a4d85e83bb0685c1457e9ac0b7a00819e9f5991ac25ffabb56a78e2f017c1acc010b3a1babfe6de690ba531abd
  languageName: node
  linkType: hard

"yn@npm:3.1.1":
  version: 3.1.1
  resolution: "yn@npm:3.1.1"
  checksum: 2c487b0e149e746ef48cda9f8bad10fc83693cd69d7f9dcd8be4214e985de33a29c9e24f3c0d6bcf2288427040a8947406ab27f7af67ee9456e6b84854f02dd6
  languageName: node
  linkType: hard
